// !$*UTF8*$!
{
	archiveVersion = 1;
	classes = {
	};
	objectVersion = 56;
	objects = {

/* Begin PBXBuildFile section */
		593A5A6D982BE80E0FE352DB /* Pods_AnimeLand.framework in Frameworks */ = {isa = PBXBuildFile; fileRef = AA68AD35688ED310F3FC3017 /* Pods_AnimeLand.framework */; };
		BF02287D2AFF6A8F00A862F0 /* AnimeLandApp.swift in Sources */ = {isa = PBXBuildFile; fileRef = BF02287C2AFF6A8F00A862F0 /* AnimeLandApp.swift */; };
		BF02287F2AFF6A8F00A862F0 /* ContentView.swift in Sources */ = {isa = PBXBuildFile; fileRef = BF02287E2AFF6A8F00A862F0 /* ContentView.swift */; };
		BF0228832AFF6A9000A862F0 /* Assets.xcassets in Resources */ = {isa = PBXBuildFile; fileRef = BF0228822AFF6A9000A862F0 /* Assets.xcassets */; };
		BF0228872AFF6A9000A862F0 /* Preview Assets.xcassets in Resources */ = {isa = PBXBuildFile; fileRef = BF0228862AFF6A9000A862F0 /* Preview Assets.xcassets */; };
		BF0228AC2AFF78FB00A862F0 /* Network.swift in Sources */ = {isa = PBXBuildFile; fileRef = BF0228AB2AFF78FB00A862F0 /* Network.swift */; };
		BF0228AF2AFF79A900A862F0 /* UserModel.swift in Sources */ = {isa = PBXBuildFile; fileRef = BF0228AE2AFF79A900A862F0 /* UserModel.swift */; };
		BF0228B22AFF7B4C00A862F0 /* Home.swift in Sources */ = {isa = PBXBuildFile; fileRef = BF0228B12AFF7B4C00A862F0 /* Home.swift */; };
		BF0228B42AFF825000A862F0 /* AnimeModels.swift in Sources */ = {isa = PBXBuildFile; fileRef = BF0228B32AFF825000A862F0 /* AnimeModels.swift */; };
		BF0228B62AFF840A00A862F0 /* ResponseModel.swift in Sources */ = {isa = PBXBuildFile; fileRef = BF0228B52AFF840A00A862F0 /* ResponseModel.swift */; };
/* End PBXBuildFile section */

/* Begin PBXFileReference section */
		7D2AE357E001C814E1217BD1 /* Pods-AnimeLand.debug.xcconfig */ = {isa = PBXFileReference; includeInIndex = 1; lastKnownFileType = text.xcconfig; name = "Pods-AnimeLand.debug.xcconfig"; path = "Target Support Files/Pods-AnimeLand/Pods-AnimeLand.debug.xcconfig"; sourceTree = "<group>"; };
		AA68AD35688ED310F3FC3017 /* Pods_AnimeLand.framework */ = {isa = PBXFileReference; explicitFileType = wrapper.framework; includeInIndex = 0; path = Pods_AnimeLand.framework; sourceTree = BUILT_PRODUCTS_DIR; };
		BF0228792AFF6A8F00A862F0 /* AnimeLand.app */ = {isa = PBXFileReference; explicitFileType = wrapper.application; includeInIndex = 0; path = AnimeLand.app; sourceTree = BUILT_PRODUCTS_DIR; };
		BF02287C2AFF6A8F00A862F0 /* AnimeLandApp.swift */ = {isa = PBXFileReference; lastKnownFileType = sourcecode.swift; path = AnimeLandApp.swift; sourceTree = "<group>"; };
		BF02287E2AFF6A8F00A862F0 /* ContentView.swift */ = {isa = PBXFileReference; lastKnownFileType = sourcecode.swift; path = ContentView.swift; sourceTree = "<group>"; };
		BF0228822AFF6A9000A862F0 /* Assets.xcassets */ = {isa = PBXFileReference; lastKnownFileType = folder.assetcatalog; path = Assets.xcassets; sourceTree = "<group>"; };
		BF0228842AFF6A9000A862F0 /* AnimeLand.entitlements */ = {isa = PBXFileReference; lastKnownFileType = text.plist.entitlements; path = AnimeLand.entitlements; sourceTree = "<group>"; };
		BF0228862AFF6A9000A862F0 /* Preview Assets.xcassets */ = {isa = PBXFileReference; lastKnownFileType = folder.assetcatalog; path = "Preview Assets.xcassets"; sourceTree = "<group>"; };
		BF0228882AFF6A9000A862F0 /* Info.plist */ = {isa = PBXFileReference; lastKnownFileType = text.plist.xml; path = Info.plist; sourceTree = "<group>"; };
		BF0228AB2AFF78FB00A862F0 /* Network.swift */ = {isa = PBXFileReference; lastKnownFileType = sourcecode.swift; path = Network.swift; sourceTree = "<group>"; };
		BF0228AE2AFF79A900A862F0 /* UserModel.swift */ = {isa = PBXFileReference; lastKnownFileType = sourcecode.swift; path = UserModel.swift; sourceTree = "<group>"; };
		BF0228B12AFF7B4C00A862F0 /* Home.swift */ = {isa = PBXFileReference; lastKnownFileType = sourcecode.swift; path = Home.swift; sourceTree = "<group>"; };
		BF0228B32AFF825000A862F0 /* AnimeModels.swift */ = {isa = PBXFileReference; lastKnownFileType = sourcecode.swift; path = AnimeModels.swift; sourceTree = "<group>"; };
		BF0228B52AFF840A00A862F0 /* ResponseModel.swift */ = {isa = PBXFileReference; lastKnownFileType = sourcecode.swift; path = ResponseModel.swift; sourceTree = "<group>"; };
		D2024A55F326DCB6AD5DE7D5 /* Pods-AnimeLand.release.xcconfig */ = {isa = PBXFileReference; includeInIndex = 1; lastKnownFileType = text.xcconfig; name = "Pods-AnimeLand.release.xcconfig"; path = "Target Support Files/Pods-AnimeLand/Pods-AnimeLand.release.xcconfig"; sourceTree = "<group>"; };
/* End PBXFileReference section */

/* Begin PBXFrameworksBuildPhase section */
		BF0228762AFF6A8F00A862F0 /* Frameworks */ = {
			isa = PBXFrameworksBuildPhase;
			buildActionMask = 2147483647;
			files = (
				593A5A6D982BE80E0FE352DB /* Pods_AnimeLand.framework in Frameworks */,
			);
			runOnlyForDeploymentPostprocessing = 0;
		};
/* End PBXFrameworksBuildPhase section */

/* Begin PBXGroup section */
		5C8FEE42200F58879B90E9B2 /* Pods */ = {
			isa = PBXGroup;
			children = (
				7D2AE357E001C814E1217BD1 /* Pods-AnimeLand.debug.xcconfig */,
				D2024A55F326DCB6AD5DE7D5 /* Pods-AnimeLand.release.xcconfig */,
			);
			path = Pods;
			sourceTree = "<group>";
		};
		BE7F9A0622249E9E62554B37 /* Frameworks */ = {
			isa = PBXGroup;
			children = (
				AA68AD35688ED310F3FC3017 /* Pods_AnimeLand.framework */,
			);
			name = Frameworks;
			sourceTree = "<group>";
		};
		BF0228702AFF6A8F00A862F0 = {
			isa = PBXGroup;
			children = (
				BF02287B2AFF6A8F00A862F0 /* AnimeLand */,
				BF02287A2AFF6A8F00A862F0 /* Products */,
				5C8FEE42200F58879B90E9B2 /* Pods */,
				BE7F9A0622249E9E62554B37 /* Frameworks */,
			);
			sourceTree = "<group>";
		};
		BF02287A2AFF6A8F00A862F0 /* Products */ = {
			isa = PBXGroup;
			children = (
				BF0228792AFF6A8F00A862F0 /* AnimeLand.app */,
			);
			name = Products;
			sourceTree = "<group>";
		};
		BF02287B2AFF6A8F00A862F0 /* AnimeLand */ = {
			isa = PBXGroup;
			children = (
				BF0228B02AFF7B3A00A862F0 /* Views */,
				BF0228AD2AFF799D00A862F0 /* Models */,
				BF0228AA2AFF78E700A862F0 /* Network */,
				BF02287C2AFF6A8F00A862F0 /* AnimeLandApp.swift */,
				BF02287E2AFF6A8F00A862F0 /* ContentView.swift */,
				BF0228822AFF6A9000A862F0 /* Assets.xcassets */,
				BF0228842AFF6A9000A862F0 /* AnimeLand.entitlements */,
				BF0228882AFF6A9000A862F0 /* Info.plist */,
				BF0228852AFF6A9000A862F0 /* Preview Content */,
			);
			path = AnimeLand;
			sourceTree = "<group>";
		};
		BF0228852AFF6A9000A862F0 /* Preview Content */ = {
			isa = PBXGroup;
			children = (
				BF0228862AFF6A9000A862F0 /* Preview Assets.xcassets */,
			);
			path = "Preview Content";
			sourceTree = "<group>";
		};
		BF0228AA2AFF78E700A862F0 /* Network */ = {
			isa = PBXGroup;
			children = (
				BF0228AB2AFF78FB00A862F0 /* Network.swift */,
			);
			path = Network;
			sourceTree = "<group>";
		};
		BF0228AD2AFF799D00A862F0 /* Models */ = {
			isa = PBXGroup;
			children = (
				BF0228AE2AFF79A900A862F0 /* UserModel.swift */,
				BF0228B32AFF825000A862F0 /* AnimeModels.swift */,
				BF0228B52AFF840A00A862F0 /* ResponseModel.swift */,
			);
			path = Models;
			sourceTree = "<group>";
		};
		BF0228B02AFF7B3A00A862F0 /* Views */ = {
			isa = PBXGroup;
			children = (
				BF0228B12AFF7B4C00A862F0 /* Home.swift */,
			);
			path = Views;
			sourceTree = "<group>";
		};
/* End PBXGroup section */

/* Begin PBXNativeTarget section */
		BF0228782AFF6A8F00A862F0 /* AnimeLand */ = {
			isa = PBXNativeTarget;
			buildConfigurationList = BF0228A12AFF6A9000A862F0 /* Build configuration list for PBXNativeTarget "AnimeLand" */;
			buildPhases = (
				8EB6C0D3ADD4050297458B9D /* [CP] Check Pods Manifest.lock */,
				BF0228752AFF6A8F00A862F0 /* Sources */,
				BF0228762AFF6A8F00A862F0 /* Frameworks */,
				BF0228772AFF6A8F00A862F0 /* Resources */,
			);
			buildRules = (
			);
			dependencies = (
			);
			name = AnimeLand;
			productName = AnimeLand;
			productReference = BF0228792AFF6A8F00A862F0 /* AnimeLand.app */;
			productType = "com.apple.product-type.application";
		};
/* End PBXNativeTarget section */

/* Begin PBXProject section */
		BF0228712AFF6A8F00A862F0 /* Project object */ = {
			isa = PBXProject;
			attributes = {
				BuildIndependentTargetsInParallel = 1;
				LastSwiftUpdateCheck = 1500;
				LastUpgradeCheck = 1500;
				TargetAttributes = {
					BF0228782AFF6A8F00A862F0 = {
						CreatedOnToolsVersion = 15.0.1;
					};
				};
			};
			buildConfigurationList = BF0228742AFF6A8F00A862F0 /* Build configuration list for PBXProject "AnimeLand" */;
			compatibilityVersion = "Xcode 14.0";
			developmentRegion = en;
			hasScannedForEncodings = 0;
			knownRegions = (
				en,
				Base,
			);
			mainGroup = BF0228702AFF6A8F00A862F0;
			productRefGroup = BF02287A2AFF6A8F00A862F0 /* Products */;
			projectDirPath = "";
			projectRoot = "";
			targets = (
				BF0228782AFF6A8F00A862F0 /* AnimeLand */,
			);
		};
/* End PBXProject section */

/* Begin PBXResourcesBuildPhase section */
		BF0228772AFF6A8F00A862F0 /* Resources */ = {
			isa = PBXResourcesBuildPhase;
			buildActionMask = 2147483647;
			files = (
				BF0228872AFF6A9000A862F0 /* Preview Assets.xcassets in Resources */,
				BF0228832AFF6A9000A862F0 /* Assets.xcassets in Resources */,
			);
			runOnlyForDeploymentPostprocessing = 0;
		};
/* End PBXResourcesBuildPhase section */

/* Begin PBXShellScriptBuildPhase section */
		8EB6C0D3ADD4050297458B9D /* [CP] Check Pods Manifest.lock */ = {
			isa = PBXShellScriptBuildPhase;
			buildActionMask = 2147483647;
			files = (
			);
			inputFileListPaths = (
			);
			inputPaths = (
				"${PODS_PODFILE_DIR_PATH}/Podfile.lock",
				"${PODS_ROOT}/Manifest.lock",
			);
			name = "[CP] Check Pods Manifest.lock";
			outputFileListPaths = (
			);
			outputPaths = (
				"$(DERIVED_FILE_DIR)/Pods-AnimeLand-checkManifestLockResult.txt",
			);
			runOnlyForDeploymentPostprocessing = 0;
			shellPath = /bin/sh;
			shellScript = "diff \"${PODS_PODFILE_DIR_PATH}/Podfile.lock\" \"${PODS_ROOT}/Manifest.lock\" > /dev/null\nif [ $? != 0 ] ; then\n    # print error to STDERR\n    echo \"error: The sandbox is not in sync with the Podfile.lock. Run 'pod install' or update your CocoaPods installation.\" >&2\n    exit 1\nfi\n# This output is used by Xcode 'outputs' to avoid re-running this script phase.\necho \"SUCCESS\" > \"${SCRIPT_OUTPUT_FILE_0}\"\n";
			showEnvVarsInLog = 0;
		};
/* End PBXShellScriptBuildPhase section */

/* Begin PBXSourcesBuildPhase section */
		BF0228752AFF6A8F00A862F0 /* Sources */ = {
			isa = PBXSourcesBuildPhase;
			buildActionMask = 2147483647;
			files = (
				BF02287F2AFF6A8F00A862F0 /* ContentView.swift in Sources */,
				BF0228B42AFF825000A862F0 /* AnimeModels.swift in Sources */,
				BF0228AC2AFF78FB00A862F0 /* Network.swift in Sources */,
				BF0228AF2AFF79A900A862F0 /* UserModel.swift in Sources */,
				BF0228B22AFF7B4C00A862F0 /* Home.swift in Sources */,
				BF0228B62AFF840A00A862F0 /* ResponseModel.swift in Sources */,
				BF02287D2AFF6A8F00A862F0 /* AnimeLandApp.swift in Sources */,
			);
			runOnlyForDeploymentPostprocessing = 0;
		};
/* End PBXSourcesBuildPhase section */

/* Begin XCBuildConfiguration section */
		BF02289F2AFF6A9000A862F0 /* Debug */ = {
			isa = XCBuildConfiguration;
			buildSettings = {
				ALWAYS_SEARCH_USER_PATHS = NO;
				ASSETCATALOG_COMPILER_GENERATE_SWIFT_ASSET_SYMBOL_EXTENSIONS = YES;
				CLANG_ANALYZER_NONNULL = YES;
				CLANG_ANALYZER_NUMBER_OBJECT_CONVERSION = YES_AGGRESSIVE;
				CLANG_CXX_LANGUAGE_STANDARD = "gnu++20";
				CLANG_ENABLE_MODULES = YES;
				CLANG_ENABLE_OBJC_ARC = YES;
				CLANG_ENABLE_OBJC_WEAK = YES;
				CLANG_WARN_BLOCK_CAPTURE_AUTORELEASING = YES;
				CLANG_WARN_BOOL_CONVERSION = YES;
				CLANG_WARN_COMMA = YES;
				CLANG_WARN_CONSTANT_CONVERSION = YES;
				CLANG_WARN_DEPRECATED_OBJC_IMPLEMENTATIONS = YES;
				CLANG_WARN_DIRECT_OBJC_ISA_USAGE = YES_ERROR;
				CLANG_WARN_DOCUMENTATION_COMMENTS = YES;
				CLANG_WARN_EMPTY_BODY = YES;
				CLANG_WARN_ENUM_CONVERSION = YES;
				CLANG_WARN_INFINITE_RECURSION = YES;
				CLANG_WARN_INT_CONVERSION = YES;
				CLANG_WARN_NON_LITERAL_NULL_CONVERSION = YES;
				CLANG_WARN_OBJC_IMPLICIT_RETAIN_SELF = YES;
				CLANG_WARN_OBJC_LITERAL_CONVERSION = YES;
				CLANG_WARN_OBJC_ROOT_CLASS = YES_ERROR;
				CLANG_WARN_QUOTED_INCLUDE_IN_FRAMEWORK_HEADER = YES;
				CLANG_WARN_RANGE_LOOP_ANALYSIS = YES;
				CLANG_WARN_STRICT_PROTOTYPES = YES;
				CLANG_WARN_SUSPICIOUS_MOVE = YES;
				CLANG_WARN_UNGUARDED_AVAILABILITY = YES_AGGRESSIVE;
				CLANG_WARN_UNREACHABLE_CODE = YES;
				CLANG_WARN__DUPLICATE_METHOD_MATCH = YES;
				COPY_PHASE_STRIP = NO;
				DEBUG_INFORMATION_FORMAT = dwarf;
				ENABLE_STRICT_OBJC_MSGSEND = YES;
				ENABLE_TESTABILITY = YES;
				ENABLE_USER_SCRIPT_SANDBOXING = YES;
				GCC_C_LANGUAGE_STANDARD = gnu17;
				GCC_DYNAMIC_NO_PIC = NO;
				GCC_NO_COMMON_BLOCKS = YES;
				GCC_OPTIMIZATION_LEVEL = 0;
				GCC_PREPROCESSOR_DEFINITIONS = (
					"DEBUG=1",
					"$(inherited)",
				);
				GCC_WARN_64_TO_32_BIT_CONVERSION = YES;
				GCC_WARN_ABOUT_RETURN_TYPE = YES_ERROR;
				GCC_WARN_UNDECLARED_SELECTOR = YES;
				GCC_WARN_UNINITIALIZED_AUTOS = YES_AGGRESSIVE;
				GCC_WARN_UNUSED_FUNCTION = YES;
				GCC_WARN_UNUSED_VARIABLE = YES;
				IPHONEOS_DEPLOYMENT_TARGET = 17.0;
				LOCALIZATION_PREFERS_STRING_CATALOGS = YES;
				MTL_ENABLE_DEBUG_INFO = INCLUDE_SOURCE;
				MTL_FAST_MATH = YES;
				ONLY_ACTIVE_ARCH = YES;
				SDKROOT = iphoneos;
				SWIFT_ACTIVE_COMPILATION_CONDITIONS = "DEBUG $(inherited)";
				SWIFT_OPTIMIZATION_LEVEL = "-Onone";
			};
			name = Debug;
		};
		BF0228A02AFF6A9000A862F0 /* Release */ = {
			isa = XCBuildConfiguration;
			buildSettings = {
				ALWAYS_SEARCH_USER_PATHS = NO;
				ASSETCATALOG_COMPILER_GENERATE_SWIFT_ASSET_SYMBOL_EXTENSIONS = YES;
				CLANG_ANALYZER_NONNULL = YES;
				CLANG_ANALYZER_NUMBER_OBJECT_CONVERSION = YES_AGGRESSIVE;
				CLANG_CXX_LANGUAGE_STANDARD = "gnu++20";
				CLANG_ENABLE_MODULES = YES;
				CLANG_ENABLE_OBJC_ARC = YES;
				CLANG_ENABLE_OBJC_WEAK = YES;
				CLANG_WARN_BLOCK_CAPTURE_AUTORELEASING = YES;
				CLANG_WARN_BOOL_CONVERSION = YES;
				CLANG_WARN_COMMA = YES;
				CLANG_WARN_CONSTANT_CONVERSION = YES;
				CLANG_WARN_DEPRECATED_OBJC_IMPLEMENTATIONS = YES;
				CLANG_WARN_DIRECT_OBJC_ISA_USAGE = YES_ERROR;
				CLANG_WARN_DOCUMENTATION_COMMENTS = YES;
				CLANG_WARN_EMPTY_BODY = YES;
				CLANG_WARN_ENUM_CONVERSION = YES;
				CLANG_WARN_INFINITE_RECURSION = YES;
				CLANG_WARN_INT_CONVERSION = YES;
				CLANG_WARN_NON_LITERAL_NULL_CONVERSION = YES;
				CLANG_WARN_OBJC_IMPLICIT_RETAIN_SELF = YES;
				CLANG_WARN_OBJC_LITERAL_CONVERSION = YES;
				CLANG_WARN_OBJC_ROOT_CLASS = YES_ERROR;
				CLANG_WARN_QUOTED_INCLUDE_IN_FRAMEWORK_HEADER = YES;
				CLANG_WARN_RANGE_LOOP_ANALYSIS = YES;
				CLANG_WARN_STRICT_PROTOTYPES = YES;
				CLANG_WARN_SUSPICIOUS_MOVE = YES;
				CLANG_WARN_UNGUARDED_AVAILABILITY = YES_AGGRESSIVE;
				CLANG_WARN_UNREACHABLE_CODE = YES;
				CLANG_WARN__DUPLICATE_METHOD_MATCH = YES;
				COPY_PHASE_STRIP = NO;
				DEBUG_INFORMATION_FORMAT = "dwarf-with-dsym";
				ENABLE_NS_ASSERTIONS = NO;
				ENABLE_STRICT_OBJC_MSGSEND = YES;
				ENABLE_USER_SCRIPT_SANDBOXING = YES;
				GCC_C_LANGUAGE_STANDARD = gnu17;
				GCC_NO_COMMON_BLOCKS = YES;
				GCC_WARN_64_TO_32_BIT_CONVERSION = YES;
				GCC_WARN_ABOUT_RETURN_TYPE = YES_ERROR;
				GCC_WARN_UNDECLARED_SELECTOR = YES;
				GCC_WARN_UNINITIALIZED_AUTOS = YES_AGGRESSIVE;
				GCC_WARN_UNUSED_FUNCTION = YES;
				GCC_WARN_UNUSED_VARIABLE = YES;
				IPHONEOS_DEPLOYMENT_TARGET = 17.0;
				LOCALIZATION_PREFERS_STRING_CATALOGS = YES;
				MTL_ENABLE_DEBUG_INFO = NO;
				MTL_FAST_MATH = YES;
				SDKROOT = iphoneos;
				SWIFT_COMPILATION_MODE = wholemodule;
			};
			name = Release;
		};
		BF0228A22AFF6A9000A862F0 /* Debug */ = {
			isa = XCBuildConfiguration;
			baseConfigurationReference = 7D2AE357E001C814E1217BD1 /* Pods-AnimeLand.debug.xcconfig */;
			buildSettings = {
				"ARCHS[sdk=iphoneos*]" = "$(ARCHS_STANDARD)";
				ASSETCATALOG_COMPILER_APPICON_NAME = AppIcon;
				ASSETCATALOG_COMPILER_GLOBAL_ACCENT_COLOR_NAME = AccentColor;
				CODE_SIGN_ENTITLEMENTS = AnimeLand/AnimeLand.entitlements;
				"CODE_SIGN_IDENTITY[sdk=macosx*]" = "Apple Development";
				CODE_SIGN_STYLE = Automatic;
				CURRENT_PROJECT_VERSION = 1;
				DEAD_CODE_STRIPPING = YES;
				DEVELOPMENT_ASSET_PATHS = "\"AnimeLand/Preview Content\"";
				DEVELOPMENT_TEAM = AJD7NPWNRX;
				ENABLE_PREVIEWS = YES;
				FRAMEWORK_SEARCH_PATHS = "";
				GENERATE_INFOPLIST_FILE = YES;
				INFOPLIST_FILE = AnimeLand/Info.plist;
				"INFOPLIST_KEY_UIApplicationSceneManifest_Generation[sdk=iphoneos*]" = YES;
				"INFOPLIST_KEY_UIApplicationSceneManifest_Generation[sdk=iphonesimulator*]" = YES;
				"INFOPLIST_KEY_UIApplicationSupportsIndirectInputEvents[sdk=iphoneos*]" = YES;
				"INFOPLIST_KEY_UIApplicationSupportsIndirectInputEvents[sdk=iphonesimulator*]" = YES;
				"INFOPLIST_KEY_UILaunchScreen_Generation[sdk=iphoneos*]" = YES;
				"INFOPLIST_KEY_UILaunchScreen_Generation[sdk=iphonesimulator*]" = YES;
				"INFOPLIST_KEY_UIStatusBarStyle[sdk=iphoneos*]" = UIStatusBarStyleDefault;
				"INFOPLIST_KEY_UIStatusBarStyle[sdk=iphonesimulator*]" = UIStatusBarStyleDefault;
				INFOPLIST_KEY_UISupportedInterfaceOrientations_iPad = "UIInterfaceOrientationPortrait UIInterfaceOrientationPortraitUpsideDown UIInterfaceOrientationLandscapeLeft UIInterfaceOrientationLandscapeRight";
				INFOPLIST_KEY_UISupportedInterfaceOrientations_iPhone = "UIInterfaceOrientationPortrait UIInterfaceOrientationLandscapeLeft UIInterfaceOrientationLandscapeRight";
				IPHONEOS_DEPLOYMENT_TARGET = 17.0;
				LD_RUNPATH_SEARCH_PATHS = "@executable_path/Frameworks";
				LIBRARY_SEARCH_PATHS = "";
				MACOSX_DEPLOYMENT_TARGET = 14.0;
				MARKETING_VERSION = 1.0;
				PRODUCT_BUNDLE_IDENTIFIER = com.ray.AnimeLand;
				"PRODUCT_BUNDLE_IDENTIFIER[sdk=macosx*]" = com.raycast;
				PRODUCT_NAME = "$(TARGET_NAME)";
				SDKROOT = auto;
				SUPPORTED_PLATFORMS = "iphoneos iphonesimulator";
				SUPPORTS_MACCATALYST = NO;
				SWIFT_EMIT_LOC_STRINGS = YES;
				SWIFT_VERSION = 5.0;
				TARGETED_DEVICE_FAMILY = "1,2";
			};
			name = Debug;
		};
		BF0228A32AFF6A9000A862F0 /* Release */ = {
			isa = XCBuildConfiguration;
			baseConfigurationReference = D2024A55F326DCB6AD5DE7D5 /* Pods-AnimeLand.release.xcconfig */;
			buildSettings = {
				"ARCHS[sdk=iphoneos*]" = "$(ARCHS_STANDARD)";
				ASSETCATALOG_COMPILER_APPICON_NAME = AppIcon;
				ASSETCATALOG_COMPILER_GLOBAL_ACCENT_COLOR_NAME = AccentColor;
				CODE_SIGN_ENTITLEMENTS = AnimeLand/AnimeLand.entitlements;
				"CODE_SIGN_IDENTITY[sdk=macosx*]" = "Apple Development";
				CODE_SIGN_STYLE = Automatic;
				CURRENT_PROJECT_VERSION = 1;
				DEAD_CODE_STRIPPING = YES;
				DEVELOPMENT_ASSET_PATHS = "\"AnimeLand/Preview Content\"";
				DEVELOPMENT_TEAM = AJD7NPWNRX;
				ENABLE_PREVIEWS = YES;
				FRAMEWORK_SEARCH_PATHS = "";
				GENERATE_INFOPLIST_FILE = YES;
				INFOPLIST_FILE = AnimeLand/Info.plist;
				"INFOPLIST_KEY_UIApplicationSceneManifest_Generation[sdk=iphoneos*]" = YES;
				"INFOPLIST_KEY_UIApplicationSceneManifest_Generation[sdk=iphonesimulator*]" = YES;
				"INFOPLIST_KEY_UIApplicationSupportsIndirectInputEvents[sdk=iphoneos*]" = YES;
				"INFOPLIST_KEY_UIApplicationSupportsIndirectInputEvents[sdk=iphonesimulator*]" = YES;
				"INFOPLIST_KEY_UILaunchScreen_Generation[sdk=iphoneos*]" = YES;
				"INFOPLIST_KEY_UILaunchScreen_Generation[sdk=iphonesimulator*]" = YES;
				"INFOPLIST_KEY_UIStatusBarStyle[sdk=iphoneos*]" = UIStatusBarStyleDefault;
				"INFOPLIST_KEY_UIStatusBarStyle[sdk=iphonesimulator*]" = UIStatusBarStyleDefault;
				INFOPLIST_KEY_UISupportedInterfaceOrientations_iPad = "UIInterfaceOrientationPortrait UIInterfaceOrientationPortraitUpsideDown UIInterfaceOrientationLandscapeLeft UIInterfaceOrientationLandscapeRight";
				INFOPLIST_KEY_UISupportedInterfaceOrientations_iPhone = "UIInterfaceOrientationPortrait UIInterfaceOrientationLandscapeLeft UIInterfaceOrientationLandscapeRight";
				IPHONEOS_DEPLOYMENT_TARGET = 17.0;
				LD_RUNPATH_SEARCH_PATHS = "@executable_path/Frameworks";
				LIBRARY_SEARCH_PATHS = "";
				MACOSX_DEPLOYMENT_TARGET = 14.0;
				MARKETING_VERSION = 1.0;
				PRODUCT_BUNDLE_IDENTIFIER = com.ray.AnimeLand;
				"PRODUCT_BUNDLE_IDENTIFIER[sdk=macosx*]" = com.raycast;
				PRODUCT_NAME = "$(TARGET_NAME)";
				SDKROOT = auto;
				SUPPORTED_PLATFORMS = "iphoneos iphonesimulator";
				SUPPORTS_MACCATALYST = NO;
				SWIFT_EMIT_LOC_STRINGS = YES;
				SWIFT_VERSION = 5.0;
				TARGETED_DEVICE_FAMILY = "1,2";
			};
			name = Release;
		};
/* End XCBuildConfiguration section */

/* Begin XCConfigurationList section */
		BF0228742AFF6A8F00A862F0 /* Build configuration list for PBXProject "AnimeLand" */ = {
			isa = XCConfigurationList;
			buildConfigurations = (
				BF02289F2AFF6A9000A862F0 /* Debug */,
				BF0228A02AFF6A9000A862F0 /* Release */,
			);
			defaultConfigurationIsVisible = 0;
			defaultConfigurationName = Release;
		};
		BF0228A12AFF6A9000A862F0 /* Build configuration list for PBXNativeTarget "AnimeLand" */ = {
			isa = XCConfigurationList;
			buildConfigurations = (
				BF0228A22AFF6A9000A862F0 /* Debug */,
				BF0228A32AFF6A9000A862F0 /* Release */,
			);
			defaultConfigurationIsVisible = 0;
			defaultConfigurationName = Release;
		};
/* End XCConfigurationList section */
	};
	rootObject = BF0228712AFF6A8F00A862F0 /* Project object */;
}
